
Microsoft Visual Studio Solution File, Format Version 12.00
# Visual Studio Version 17
VisualStudioVersion = 17.0.31903.59
MinimumVisualStudioVersion = 10.0.40219.1
Project("{FAE04EC0-301F-11D3-BF4B-00C04F79EFBC}") = "API", "API\API.csproj", "{B1A8D0D4-7B77-4F53-8670-CBD2F7646C0E}"
EndProject
Project("{FAE04EC0-301F-11D3-BF4B-00C04F79EFBC}") = "Application", "Application\Application.csproj", "{320F901C-F2AC-4773-B686-52EB1FC724D5}"
EndProject
Project("{FAE04EC0-301F-11D3-BF4B-00C04F79EFBC}") = "Domain", "Domain\Domain.csproj", "{AFD7710D-66CF-4D13-ABC7-054F6C18F0C2}"
EndProject
Project("{FAE04EC0-301F-11D3-BF4B-00C04F79EFBC}") = "Persistence", "Persistence\Persistence.csproj", "{AC576E9C-50B9-47D4-AF2C-4E796F6A016F}"
EndProject
Global
	GlobalSection(SolutionConfigurationPlatforms) = preSolution
		Debug|Any CPU = Debug|Any CPU
		Release|Any CPU = Release|Any CPU
	EndGlobalSection
	GlobalSection(SolutionProperties) = preSolution
		HideSolutionNode = FALSE
	EndGlobalSection
	GlobalSection(ProjectConfigurationPlatforms) = postSolution
		{B1A8D0D4-7B77-4F53-8670-CBD2F7646C0E}.Debug|Any CPU.ActiveCfg = Debug|Any CPU
		{B1A8D0D4-7B77-4F53-8670-CBD2F7646C0E}.Debug|Any CPU.Build.0 = Debug|Any CPU
		{B1A8D0D4-7B77-4F53-8670-CBD2F7646C0E}.Release|Any CPU.ActiveCfg = Release|Any CPU
		{B1A8D0D4-7B77-4F53-8670-CBD2F7646C0E}.Release|Any CPU.Build.0 = Release|Any CPU
		{320F901C-F2AC-4773-B686-52EB1FC724D5}.Debug|Any CPU.ActiveCfg = Debug|Any CPU
		{320F901C-F2AC-4773-B686-52EB1FC724D5}.Debug|Any CPU.Build.0 = Debug|Any CPU
		{320F901C-F2AC-4773-B686-52EB1FC724D5}.Release|Any CPU.ActiveCfg = Release|Any CPU
		{320F901C-F2AC-4773-B686-52EB1FC724D5}.Release|Any CPU.Build.0 = Release|Any CPU
		{AFD7710D-66CF-4D13-ABC7-054F6C18F0C2}.Debug|Any CPU.ActiveCfg = Debug|Any CPU
		{AFD7710D-66CF-4D13-ABC7-054F6C18F0C2}.Debug|Any CPU.Build.0 = Debug|Any CPU
		{AFD7710D-66CF-4D13-ABC7-054F6C18F0C2}.Release|Any CPU.ActiveCfg = Release|Any CPU
		{AFD7710D-66CF-4D13-ABC7-054F6C18F0C2}.Release|Any CPU.Build.0 = Release|Any CPU
		{AC576E9C-50B9-47D4-AF2C-4E796F6A016F}.Debug|Any CPU.ActiveCfg = Debug|Any CPU
		{AC576E9C-50B9-47D4-AF2C-4E796F6A016F}.Debug|Any CPU.Build.0 = Debug|Any CPU
		{AC576E9C-50B9-47D4-AF2C-4E796F6A016F}.Release|Any CPU.ActiveCfg = Release|Any CPU
		{AC576E9C-50B9-47D4-AF2C-4E796F6A016F}.Release|Any CPU.Build.0 = Release|Any CPU
	EndGlobalSection
EndGlobal
